
Microsoft Visual Studio Solution File, Format Version 12.00
# Visual Studio 15
VisualStudioVersion = 15.0.28010.2048
MinimumVisualStudioVersion = 10.0.40219.1
Project("{FAE04EC0-301F-11D3-BF4B-00C04F79EFBC}") = "MyRealProject", "MyRealProject\MyRealProject.csproj", "{C6C357C5-4EA6-4879-9725-277C0EF28A4D}"
EndProject
Global
	GlobalSection(SolutionConfigurationPlatforms) = preSolution
		Debug|Any CPU = Debug|Any CPU
		Release|Any CPU = Release|Any CPU
	EndGlobalSection
	GlobalSection(ProjectConfigurationPlatforms) = postSolution
		{C6C357C5-4EA6-4879-9725-277C0EF28A4D}.Debug|Any CPU.ActiveCfg = Debug|Any CPU
		{C6C357C5-4EA6-4879-9725-277C0EF28A4D}.Debug|Any CPU.Build.0 = Debug|Any CPU
		{C6C357C5-4EA6-4879-9725-277C0EF28A4D}.Release|Any CPU.ActiveCfg = Release|Any CPU
		{C6C357C5-4EA6-4879-9725-277C0EF28A4D}.Release|Any CPU.Build.0 = Release|Any CPU
	EndGlobalSection
	GlobalSection(SolutionProperties) = preSolution
		HideSolutionNode = FALSE
	EndGlobalSection
	GlobalSection(ExtensibilityGlobals) = postSolution
		SolutionGuid = {01A1652D-7FFA-4D4C-B32B-7D3BB67C0C35}
	EndGlobalSection
EndGlobal
